<?xml version="1.0" encoding="utf-8"?>
<Project ToolsVersion="17.0" xmlns="http://schemas.microsoft.com/developer/msbuild/2003">
  <ItemGroup>
    <ClCompile Include="C:\Users\Lucas\Downloads\raylib\src\raudio.c">
      <Filter>Source Files</Filter>
    </ClCompile>
    <ClCompile Include="C:\Users\Lucas\Downloads\raylib\src\rcore.c">
      <Filter>Source Files</Filter>
    </ClCompile>
    <ClCompile Include="C:\Users\Lucas\Downloads\raylib\src\rmodels.c">
      <Filter>Source Files</Filter>
    </ClCompile>
    <ClCompile Include="C:\Users\Lucas\Downloads\raylib\src\rshapes.c">
      <Filter>Source Files</Filter>
    </ClCompile>
    <ClCompile Include="C:\Users\Lucas\Downloads\raylib\src\rtext.c">
      <Filter>Source Files</Filter>
    </ClCompile>
    <ClCompile Include="C:\Users\Lucas\Downloads\raylib\src\rtextures.c">
      <Filter>Source Files</Filter>
    </ClCompile>
    <ClCompile Include="C:\Users\Lucas\Downloads\raylib\src\utils.c">
      <Filter>Source Files</Filter>
    </ClCompile>
  </ItemGroup>
  <ItemGroup>
    <ClInclude Include="C:\Users\Lucas\Downloads\raylib\src\raylib.h">
      <Filter>Header Files</Filter>
    </ClInclude>
    <ClInclude Include="C:\Users\Lucas\Downloads\raylib\src\rlgl.h">
      <Filter>Header Files</Filter>
    </ClInclude>
    <ClInclude Include="C:\Users\Lucas\Downloads\raylib\src\raymath.h">
      <Filter>Header Files</Filter>
    </ClInclude>
  </ItemGroup>
  <ItemGroup>
    <CustomBuild Include="C:\Users\Lucas\Downloads\raylib\src\CMakeLists.txt" />
  </ItemGroup>
  <ItemGroup>
    <Object Include="C:\Users\Lucas\Downloads\raylib\buils\raylib\external\glfw\src\glfw.dir\$(Configuration)\context.obj">
      <Filter>Object Libraries</Filter>
    </Object>
    <Object Include="C:\Users\Lucas\Downloads\raylib\buils\raylib\external\glfw\src\glfw.dir\$(Configuration)\init.obj">
      <Filter>Object Libraries</Filter>
    </Object>
    <Object Include="C:\Users\Lucas\Downloads\raylib\buils\raylib\external\glfw\src\glfw.dir\$(Configuration)\input.obj">
      <Filter>Object Libraries</Filter>
    </Object>
    <Object Include="C:\Users\Lucas\Downloads\raylib\buils\raylib\external\glfw\src\glfw.dir\$(Configuration)\monitor.obj">
      <Filter>Object Libraries</Filter>
    </Object>
    <Object Include="C:\Users\Lucas\Downloads\raylib\buils\raylib\external\glfw\src\glfw.dir\$(Configuration)\platform.obj">
      <Filter>Object Libraries</Filter>
    </Object>
    <Object Include="C:\Users\Lucas\Downloads\raylib\buils\raylib\external\glfw\src\glfw.dir\$(Configuration)\vulkan.obj">
      <Filter>Object Libraries</Filter>
    </Object>
    <Object Include="C:\Users\Lucas\Downloads\raylib\buils\raylib\external\glfw\src\glfw.dir\$(Configuration)\window.obj">
      <Filter>Object Libraries</Filter>
    </Object>
    <Object Include="C:\Users\Lucas\Downloads\raylib\buils\raylib\external\glfw\src\glfw.dir\$(Configuration)\egl_context.obj">
      <Filter>Object Libraries</Filter>
    </Object>
    <Object Include="C:\Users\Lucas\Downloads\raylib\buils\raylib\external\glfw\src\glfw.dir\$(Configuration)\osmesa_context.obj">
      <Filter>Object Libraries</Filter>
    </Object>
    <Object Include="C:\Users\Lucas\Downloads\raylib\buils\raylib\external\glfw\src\glfw.dir\$(Configuration)\null_init.obj">
      <Filter>Object Libraries</Filter>
    </Object>
    <Object Include="C:\Users\Lucas\Downloads\raylib\buils\raylib\external\glfw\src\glfw.dir\$(Configuration)\null_monitor.obj">
      <Filter>Object Libraries</Filter>
    </Object>
    <Object Include="C:\Users\Lucas\Downloads\raylib\buils\raylib\external\glfw\src\glfw.dir\$(Configuration)\null_window.obj">
      <Filter>Object Libraries</Filter>
    </Object>
    <Object Include="C:\Users\Lucas\Downloads\raylib\buils\raylib\external\glfw\src\glfw.dir\$(Configuration)\null_joystick.obj">
      <Filter>Object Libraries</Filter>
    </Object>
    <Object Include="C:\Users\Lucas\Downloads\raylib\buils\raylib\external\glfw\src\glfw.dir\$(Configuration)\win32_module.obj">
      <Filter>Object Libraries</Filter>
    </Object>
    <Object Include="C:\Users\Lucas\Downloads\raylib\buils\raylib\external\glfw\src\glfw.dir\$(Configuration)\win32_time.obj">
      <Filter>Object Libraries</Filter>
    </Object>
    <Object Include="C:\Users\Lucas\Downloads\raylib\buils\raylib\external\glfw\src\glfw.dir\$(Configuration)\win32_thread.obj">
      <Filter>Object Libraries</Filter>
    </Object>
    <Object Include="C:\Users\Lucas\Downloads\raylib\buils\raylib\external\glfw\src\glfw.dir\$(Configuration)\win32_init.obj">
      <Filter>Object Libraries</Filter>
    </Object>
    <Object Include="C:\Users\Lucas\Downloads\raylib\buils\raylib\external\glfw\src\glfw.dir\$(Configuration)\win32_joystick.obj">
      <Filter>Object Libraries</Filter>
    </Object>
    <Object Include="C:\Users\Lucas\Downloads\raylib\buils\raylib\external\glfw\src\glfw.dir\$(Configuration)\win32_monitor.obj">
      <Filter>Object Libraries</Filter>
    </Object>
    <Object Include="C:\Users\Lucas\Downloads\raylib\buils\raylib\external\glfw\src\glfw.dir\$(Configuration)\win32_window.obj">
      <Filter>Object Libraries</Filter>
    </Object>
    <Object Include="C:\Users\Lucas\Downloads\raylib\buils\raylib\external\glfw\src\glfw.dir\$(Configuration)\wgl_context.obj">
      <Filter>Object Libraries</Filter>
    </Object>
  </ItemGroup>
  <ItemGroup>
    <Filter Include="Header Files">
      <UniqueIdentifier>{3FF2E4C0-D425-33F6-BCC6-6AA539A4DF39}</UniqueIdentifier>
    </Filter>
    <Filter Include="Object Libraries">
      <UniqueIdentifier>{969CF3A0-F71B-3364-A2D8-D4B9C212F163}</UniqueIdentifier>
    </Filter>
    <Filter Include="Source Files">
      <UniqueIdentifier>{3EC7DD69-63F4-382A-995F-DAF87C5C6035}</UniqueIdentifier>
    </Filter>
  </ItemGroup>
</Project>
